
Microsoft Visual Studio Solution File, Format Version 12.00
# Visual Studio Version 17
VisualStudioVersion = 17.9.34728.123
MinimumVisualStudioVersion = 10.0.40219.1
Project("{FAE04EC0-301F-11D3-BF4B-00C04F79EFBC}") = "FiNAL-imtahan", "FiNAL-imtahan\FiNAL-imtahan.csproj", "{7C4006EF-634F-4827-BD8C-910343A2B8E5}"
EndProject
Global
	GlobalSection(SolutionConfigurationPlatforms) = preSolution
		Debug|Any CPU = Debug|Any CPU
		Release|Any CPU = Release|Any CPU
	EndGlobalSection
	GlobalSection(ProjectConfigurationPlatforms) = postSolution
		{7C4006EF-634F-4827-BD8C-910343A2B8E5}.Debug|Any CPU.ActiveCfg = Debug|Any CPU
		{7C4006EF-634F-4827-BD8C-910343A2B8E5}.Debug|Any CPU.Build.0 = Debug|Any CPU
		{7C4006EF-634F-4827-BD8C-910343A2B8E5}.Release|Any CPU.ActiveCfg = Release|Any CPU
		{7C4006EF-634F-4827-BD8C-910343A2B8E5}.Release|Any CPU.Build.0 = Release|Any CPU
	EndGlobalSection
	GlobalSection(SolutionProperties) = preSolution
		HideSolutionNode = FALSE
	EndGlobalSection
	GlobalSection(ExtensibilityGlobals) = postSolution
		SolutionGuid = {6FD3A712-30FA-4512-BF47-8D10D63B9D34}
	EndGlobalSection
EndGlobal
